
Microsoft Visual Studio Solution File, Format Version 12.00
# Visual Studio Version 16
VisualStudioVersion = 16.0.31624.102
MinimumVisualStudioVersion = 10.0.40219.1
Project("{FAE04EC0-301F-11D3-BF4B-00C04F79EFBC}") = "notepad", "notepad.csproj", "{07C2F46F-F11B-4892-AA91-E4484E3ADC3C}"
EndProject
Global
	GlobalSection(SolutionConfigurationPlatforms) = preSolution
		Debug|Any CPU = Debug|Any CPU
		Release|Any CPU = Release|Any CPU
	EndGlobalSection
	GlobalSection(ProjectConfigurationPlatforms) = postSolution
		{07C2F46F-F11B-4892-AA91-E4484E3ADC3C}.Debug|Any CPU.ActiveCfg = Debug|Any CPU
		{07C2F46F-F11B-4892-AA91-E4484E3ADC3C}.Debug|Any CPU.Build.0 = Debug|Any CPU
		{07C2F46F-F11B-4892-AA91-E4484E3ADC3C}.Release|Any CPU.ActiveCfg = Release|Any CPU
		{07C2F46F-F11B-4892-AA91-E4484E3ADC3C}.Release|Any CPU.Build.0 = Release|Any CPU
	EndGlobalSection
	GlobalSection(SolutionProperties) = preSolution
		HideSolutionNode = FALSE
	EndGlobalSection
	GlobalSection(ExtensibilityGlobals) = postSolution
		SolutionGuid = {E0967C0C-D82F-47AD-9834-7EF60DC6E796}
	EndGlobalSection
EndGlobal
